
Microsoft Visual Studio Solution File, Format Version 12.00
# Visual Studio Version 17
VisualStudioVersion = 17.2.32630.192
MinimumVisualStudioVersion = 10.0.40219.1
Project("{FAE04EC0-301F-11D3-BF4B-00C04F79EFBC}") = "ToDoList Form", "ToDoList Form\ToDoList Form.csproj", "{B308019C-3DED-4144-AB5C-B8E960549283}"
EndProject
Global
	GlobalSection(SolutionConfigurationPlatforms) = preSolution
		Debug|Any CPU = Debug|Any CPU
		Release|Any CPU = Release|Any CPU
	EndGlobalSection
	GlobalSection(ProjectConfigurationPlatforms) = postSolution
		{B308019C-3DED-4144-AB5C-B8E960549283}.Debug|Any CPU.ActiveCfg = Debug|Any CPU
		{B308019C-3DED-4144-AB5C-B8E960549283}.Debug|Any CPU.Build.0 = Debug|Any CPU
		{B308019C-3DED-4144-AB5C-B8E960549283}.Release|Any CPU.ActiveCfg = Release|Any CPU
		{B308019C-3DED-4144-AB5C-B8E960549283}.Release|Any CPU.Build.0 = Release|Any CPU
	EndGlobalSection
	GlobalSection(SolutionProperties) = preSolution
		HideSolutionNode = FALSE
	EndGlobalSection
	GlobalSection(ExtensibilityGlobals) = postSolution
		SolutionGuid = {1162114E-2F51-4F74-AAD8-17A9B1EA47F3}
	EndGlobalSection
EndGlobal
